<Solution>
  <Project Path="ArraysApp/ArraysApp.csproj" Id="ee061e13-dd64-4704-a988-eaadb1065ceb" />
  <Project Path="CitiesForApp/CitiesForApp.csproj" Id="a8c9352f-a70f-4a9d-8f19-45b49b4ab4f0" />
  <Project Path="DataTypes/DataTypes.csproj" />
  <Project Path="DoWhileApp/DoWhileApp.csproj" Id="9f0cdc8c-1edb-4b09-a078-28589a08508a" />
  <Project Path="FibonacciIterative/FibonacciIterative.csproj" Id="4a664547-e677-4f19-9a18-3304a2ae2a31" />
  <Project Path="FormatExceptionApp/FormatExceptionApp.csproj" Id="10628a44-a4a6-4330-a318-0595a6badc42" />
  <Project Path="HelloWorld/HelloWorld.csproj" />
  <Project Path="IfUseCases/IfUseCases.csproj" Id="4d5df523-6493-4196-9507-9f4267792d69" />
  <Project Path="KilometersApp/KilometersApp.csproj" />
  <Project Path="LinqArrays/LinqArrays.csproj" Id="836291c7-2e9a-4b0c-b2dd-f356979a2751" />
  <Project Path="NumberRead/NumberRead.csproj" />
  <Project Path="PositivesCount/PositivesCount.csproj" Id="c54d536f-f0c5-4e81-9582-4b5ebb771521" />
  <Project Path="PowerApp/PowerApp.csproj" Id="de4d2205-5e07-4281-aefb-df69a16f8993" />
  <Project Path="PrintingApp/PrintingApp.csproj" />
  <Project Path="ProductsVat/ProductsVat.csproj" />
  <Project Path="ProductWhileApp/ProductWhileApp.csproj" Id="5d4e06af-a0bf-4e83-8617-d13ef98630e4" />
  <Project Path="PyramidChallenge/PyramidChallenge.csproj" Id="98247d56-49ff-4255-bbb5-c7b8570b10c6" />
  <Project Path="SwapApp/SwapApp.csproj" Id="311c0744-3033-4a7c-8277-a8be8e75ca1a" />
  <Project Path="SwitchApp/SwitchApp.csproj" Id="f4e2f6fb-4164-4c9b-8611-26d89a44abff" />
  <Project Path="WhileApp/WhileApp.csproj" Id="bd769119-009d-4be4-a6b3-9493d6257b3c" />
</Solution>
